
Microsoft Visual Studio Solution File, Format Version 12.00
Project("{FAE04EC0-301F-11D3-BF4B-00C04F79EFBC}") = "BusinessTime", "BusinessTime\BusinessTime.csproj", "{440D841C-23B1-418E-B216-FD7BFD4A5AE1}"
EndProject
Global
	GlobalSection(SolutionConfigurationPlatforms) = preSolution
		Debug|Any CPU = Debug|Any CPU
		Release|Any CPU = Release|Any CPU
	EndGlobalSection
	GlobalSection(ProjectConfigurationPlatforms) = postSolution
		{440D841C-23B1-418E-B216-FD7BFD4A5AE1}.Debug|Any CPU.ActiveCfg = Debug|Any CPU
		{440D841C-23B1-418E-B216-FD7BFD4A5AE1}.Debug|Any CPU.Build.0 = Debug|Any CPU
		{440D841C-23B1-418E-B216-FD7BFD4A5AE1}.Release|Any CPU.ActiveCfg = Release|Any CPU
		{440D841C-23B1-418E-B216-FD7BFD4A5AE1}.Release|Any CPU.Build.0 = Release|Any CPU
	EndGlobalSection
EndGlobal
